
Microsoft Visual Studio Solution File, Format Version 12.00
# Visual Studio Version 17
VisualStudioVersion = 17.10.35122.118
MinimumVisualStudioVersion = 10.0.40219.1
Project("{FAE04EC0-301F-11D3-BF4B-00C04F79EFBC}") = "LOPAL_Ygor", "LOPAL_Ygor.csproj", "{2573A16C-B533-4492-9512-192DC222F0AF}"
EndProject
Global
	GlobalSection(SolutionConfigurationPlatforms) = preSolution
		Debug|Any CPU = Debug|Any CPU
		Release|Any CPU = Release|Any CPU
	EndGlobalSection
	GlobalSection(ProjectConfigurationPlatforms) = postSolution
		{2573A16C-B533-4492-9512-192DC222F0AF}.Debug|Any CPU.ActiveCfg = Debug|Any CPU
		{2573A16C-B533-4492-9512-192DC222F0AF}.Debug|Any CPU.Build.0 = Debug|Any CPU
		{2573A16C-B533-4492-9512-192DC222F0AF}.Release|Any CPU.ActiveCfg = Release|Any CPU
		{2573A16C-B533-4492-9512-192DC222F0AF}.Release|Any CPU.Build.0 = Release|Any CPU
	EndGlobalSection
	GlobalSection(SolutionProperties) = preSolution
		HideSolutionNode = FALSE
	EndGlobalSection
	GlobalSection(ExtensibilityGlobals) = postSolution
		SolutionGuid = {A17C2708-E429-473A-91B4-990FB9CD9753}
	EndGlobalSection
EndGlobal
